
Microsoft Visual Studio Solution File, Format Version 12.00
# Visual Studio Version 17
VisualStudioVersion = 17.0.31903.59
MinimumVisualStudioVersion = 10.0.40219.1
Project("{2150E333-8FDC-42A3-9474-1A3956D46DE8}") = "src", "src", "{827E0CD3-B72D-47B6-A68D-7590B98EB39B}"
EndProject
Project("{FAE04EC0-301F-11D3-BF4B-00C04F79EFBC}") = "ElectronicsAI.Domain", "src\ElectronicsAI.Domain\ElectronicsAI.Domain.csproj", "{937ACFB9-44EC-4036-BAD4-60D1DA30E9C4}"
EndProject
Project("{FAE04EC0-301F-11D3-BF4B-00C04F79EFBC}") = "ElectronicsAI.Design", "src\ElectronicsAI.Design\ElectronicsAI.Design.csproj", "{AE3CE901-48AC-42C5-BACB-0177F13F30E8}"
EndProject
Project("{FAE04EC0-301F-11D3-BF4B-00C04F79EFBC}") = "ElectronicsAI.Simulation", "src\ElectronicsAI.Simulation\ElectronicsAI.Simulation.csproj", "{A1A206ED-6EA9-4EF5-B3B1-3BFB827FCCA3}"
EndProject
Project("{FAE04EC0-301F-11D3-BF4B-00C04F79EFBC}") = "ElectronicsAI.Validation", "src\ElectronicsAI.Validation\ElectronicsAI.Validation.csproj", "{2B6F8F7B-C976-449A-9812-002C248EADC8}"
EndProject
Project("{FAE04EC0-301F-11D3-BF4B-00C04F79EFBC}") = "ElectronicsAI.Api", "src\ElectronicsAI.Api\ElectronicsAI.Api.csproj", "{2CF53D18-6B09-4DBC-9401-7FAA27E71A81}"
EndProject
Project("{FAE04EC0-301F-11D3-BF4B-00C04F79EFBC}") = "ElectronicsAI.Tests", "tests\ElectronicsAI.Tests\ElectronicsAI.Tests.csproj", "{226FE712-C24D-49DE-9B83-A4E577DB53F5}"
EndProject
Global
	GlobalSection(SolutionConfigurationPlatforms) = preSolution
		Debug|Any CPU = Debug|Any CPU
		Debug|x64 = Debug|x64
		Debug|x86 = Debug|x86
		Release|Any CPU = Release|Any CPU
		Release|x64 = Release|x64
		Release|x86 = Release|x86
	EndGlobalSection
	GlobalSection(ProjectConfigurationPlatforms) = postSolution
		{937ACFB9-44EC-4036-BAD4-60D1DA30E9C4}.Debug|Any CPU.ActiveCfg = Debug|Any CPU
		{937ACFB9-44EC-4036-BAD4-60D1DA30E9C4}.Debug|Any CPU.Build.0 = Debug|Any CPU
		{937ACFB9-44EC-4036-BAD4-60D1DA30E9C4}.Debug|x64.ActiveCfg = Debug|Any CPU
		{937ACFB9-44EC-4036-BAD4-60D1DA30E9C4}.Debug|x64.Build.0 = Debug|Any CPU
		{937ACFB9-44EC-4036-BAD4-60D1DA30E9C4}.Debug|x86.ActiveCfg = Debug|Any CPU
		{937ACFB9-44EC-4036-BAD4-60D1DA30E9C4}.Debug|x86.Build.0 = Debug|Any CPU
		{937ACFB9-44EC-4036-BAD4-60D1DA30E9C4}.Release|Any CPU.ActiveCfg = Release|Any CPU
		{937ACFB9-44EC-4036-BAD4-60D1DA30E9C4}.Release|Any CPU.Build.0 = Release|Any CPU
		{937ACFB9-44EC-4036-BAD4-60D1DA30E9C4}.Release|x64.ActiveCfg = Release|Any CPU
		{937ACFB9-44EC-4036-BAD4-60D1DA30E9C4}.Release|x64.Build.0 = Release|Any CPU
		{937ACFB9-44EC-4036-BAD4-60D1DA30E9C4}.Release|x86.ActiveCfg = Release|Any CPU
		{937ACFB9-44EC-4036-BAD4-60D1DA30E9C4}.Release|x86.Build.0 = Release|Any CPU
		{AE3CE901-48AC-42C5-BACB-0177F13F30E8}.Debug|Any CPU.ActiveCfg = Debug|Any CPU
		{AE3CE901-48AC-42C5-BACB-0177F13F30E8}.Debug|Any CPU.Build.0 = Debug|Any CPU
		{AE3CE901-48AC-42C5-BACB-0177F13F30E8}.Debug|x64.ActiveCfg = Debug|Any CPU
		{AE3CE901-48AC-42C5-BACB-0177F13F30E8}.Debug|x64.Build.0 = Debug|Any CPU
		{AE3CE901-48AC-42C5-BACB-0177F13F30E8}.Debug|x86.ActiveCfg = Debug|Any CPU
		{AE3CE901-48AC-42C5-BACB-0177F13F30E8}.Debug|x86.Build.0 = Debug|Any CPU
		{AE3CE901-48AC-42C5-BACB-0177F13F30E8}.Release|Any CPU.ActiveCfg = Release|Any CPU
		{AE3CE901-48AC-42C5-BACB-0177F13F30E8}.Release|Any CPU.Build.0 = Release|Any CPU
		{AE3CE901-48AC-42C5-BACB-0177F13F30E8}.Release|x64.ActiveCfg = Release|Any CPU
		{AE3CE901-48AC-42C5-BACB-0177F13F30E8}.Release|x64.Build.0 = Release|Any CPU
		{AE3CE901-48AC-42C5-BACB-0177F13F30E8}.Release|x86.ActiveCfg = Release|Any CPU
		{AE3CE901-48AC-42C5-BACB-0177F13F30E8}.Release|x86.Build.0 = Release|Any CPU
		{A1A206ED-6EA9-4EF5-B3B1-3BFB827FCCA3}.Debug|Any CPU.ActiveCfg = Debug|Any CPU
		{A1A206ED-6EA9-4EF5-B3B1-3BFB827FCCA3}.Debug|Any CPU.Build.0 = Debug|Any CPU
		{A1A206ED-6EA9-4EF5-B3B1-3BFB827FCCA3}.Debug|x64.ActiveCfg = Debug|Any CPU
		{A1A206ED-6EA9-4EF5-B3B1-3BFB827FCCA3}.Debug|x64.Build.0 = Debug|Any CPU
		{A1A206ED-6EA9-4EF5-B3B1-3BFB827FCCA3}.Debug|x86.ActiveCfg = Debug|Any CPU
		{A1A206ED-6EA9-4EF5-B3B1-3BFB827FCCA3}.Debug|x86.Build.0 = Debug|Any CPU
		{A1A206ED-6EA9-4EF5-B3B1-3BFB827FCCA3}.Release|Any CPU.ActiveCfg = Release|Any CPU
		{A1A206ED-6EA9-4EF5-B3B1-3BFB827FCCA3}.Release|Any CPU.Build.0 = Release|Any CPU
		{A1A206ED-6EA9-4EF5-B3B1-3BFB827FCCA3}.Release|x64.ActiveCfg = Release|Any CPU
		{A1A206ED-6EA9-4EF5-B3B1-3BFB827FCCA3}.Release|x64.Build.0 = Release|Any CPU
		{A1A206ED-6EA9-4EF5-B3B1-3BFB827FCCA3}.Release|x86.ActiveCfg = Release|Any CPU
		{A1A206ED-6EA9-4EF5-B3B1-3BFB827FCCA3}.Release|x86.Build.0 = Release|Any CPU
		{2B6F8F7B-C976-449A-9812-002C248EADC8}.Debug|Any CPU.ActiveCfg = Debug|Any CPU
		{2B6F8F7B-C976-449A-9812-002C248EADC8}.Debug|Any CPU.Build.0 = Debug|Any CPU
		{2B6F8F7B-C976-449A-9812-002C248EADC8}.Debug|x64.ActiveCfg = Debug|Any CPU
		{2B6F8F7B-C976-449A-9812-002C248EADC8}.Debug|x64.Build.0 = Debug|Any CPU
		{2B6F8F7B-C976-449A-9812-002C248EADC8}.Debug|x86.ActiveCfg = Debug|Any CPU
		{2B6F8F7B-C976-449A-9812-002C248EADC8}.Debug|x86.Build.0 = Debug|Any CPU
		{2B6F8F7B-C976-449A-9812-002C248EADC8}.Release|Any CPU.ActiveCfg = Release|Any CPU
		{2B6F8F7B-C976-449A-9812-002C248EADC8}.Release|Any CPU.Build.0 = Release|Any CPU
		{2B6F8F7B-C976-449A-9812-002C248EADC8}.Release|x64.ActiveCfg = Release|Any CPU
		{2B6F8F7B-C976-449A-9812-002C248EADC8}.Release|x64.Build.0 = Release|Any CPU
		{2B6F8F7B-C976-449A-9812-002C248EADC8}.Release|x86.ActiveCfg = Release|Any CPU
		{2B6F8F7B-C976-449A-9812-002C248EADC8}.Release|x86.Build.0 = Release|Any CPU
		{2CF53D18-6B09-4DBC-9401-7FAA27E71A81}.Debug|Any CPU.ActiveCfg = Debug|Any CPU
		{2CF53D18-6B09-4DBC-9401-7FAA27E71A81}.Debug|Any CPU.Build.0 = Debug|Any CPU
		{2CF53D18-6B09-4DBC-9401-7FAA27E71A81}.Debug|x64.ActiveCfg = Debug|Any CPU
		{2CF53D18-6B09-4DBC-9401-7FAA27E71A81}.Debug|x64.Build.0 = Debug|Any CPU
		{2CF53D18-6B09-4DBC-9401-7FAA27E71A81}.Debug|x86.ActiveCfg = Debug|Any CPU
		{2CF53D18-6B09-4DBC-9401-7FAA27E71A81}.Debug|x86.Build.0 = Debug|Any CPU
		{2CF53D18-6B09-4DBC-9401-7FAA27E71A81}.Release|Any CPU.ActiveCfg = Release|Any CPU
		{2CF53D18-6B09-4DBC-9401-7FAA27E71A81}.Release|Any CPU.Build.0 = Release|Any CPU
		{2CF53D18-6B09-4DBC-9401-7FAA27E71A81}.Release|x64.ActiveCfg = Release|Any CPU
		{2CF53D18-6B09-4DBC-9401-7FAA27E71A81}.Release|x64.Build.0 = Release|Any CPU
		{2CF53D18-6B09-4DBC-9401-7FAA27E71A81}.Release|x86.ActiveCfg = Release|Any CPU
		{2CF53D18-6B09-4DBC-9401-7FAA27E71A81}.Release|x86.Build.0 = Release|Any CPU
		{226FE712-C24D-49DE-9B83-A4E577DB53F5}.Debug|Any CPU.ActiveCfg = Debug|Any CPU
		{226FE712-C24D-49DE-9B83-A4E577DB53F5}.Debug|Any CPU.Build.0 = Debug|Any CPU
		{226FE712-C24D-49DE-9B83-A4E577DB53F5}.Debug|x64.ActiveCfg = Debug|Any CPU
		{226FE712-C24D-49DE-9B83-A4E577DB53F5}.Debug|x64.Build.0 = Debug|Any CPU
		{226FE712-C24D-49DE-9B83-A4E577DB53F5}.Debug|x86.ActiveCfg = Debug|Any CPU
		{226FE712-C24D-49DE-9B83-A4E577DB53F5}.Debug|x86.Build.0 = Debug|Any CPU
		{226FE712-C24D-49DE-9B83-A4E577DB53F5}.Release|Any CPU.ActiveCfg = Release|Any CPU
		{226FE712-C24D-49DE-9B83-A4E577DB53F5}.Release|Any CPU.Build.0 = Release|Any CPU
		{226FE712-C24D-49DE-9B83-A4E577DB53F5}.Release|x64.ActiveCfg = Release|Any CPU
		{226FE712-C24D-49DE-9B83-A4E577DB53F5}.Release|x64.Build.0 = Release|Any CPU
		{226FE712-C24D-49DE-9B83-A4E577DB53F5}.Release|x86.ActiveCfg = Release|Any CPU
		{226FE712-C24D-49DE-9B83-A4E577DB53F5}.Release|x86.Build.0 = Release|Any CPU
	EndGlobalSection
	GlobalSection(SolutionProperties) = preSolution
		HideSolutionNode = FALSE
	EndGlobalSection
	GlobalSection(NestedProjects) = preSolution
		{937ACFB9-44EC-4036-BAD4-60D1DA30E9C4} = {827E0CD3-B72D-47B6-A68D-7590B98EB39B}
		{AE3CE901-48AC-42C5-BACB-0177F13F30E8} = {827E0CD3-B72D-47B6-A68D-7590B98EB39B}
		{A1A206ED-6EA9-4EF5-B3B1-3BFB827FCCA3} = {827E0CD3-B72D-47B6-A68D-7590B98EB39B}
		{2B6F8F7B-C976-449A-9812-002C248EADC8} = {827E0CD3-B72D-47B6-A68D-7590B98EB39B}
		{2CF53D18-6B09-4DBC-9401-7FAA27E71A81} = {827E0CD3-B72D-47B6-A68D-7590B98EB39B}
		{226FE712-C24D-49DE-9B83-A4E577DB53F5} = {827E0CD3-B72D-47B6-A68D-7590B98EB39B}
	EndGlobalSection
EndGlobal
